
Microsoft Visual Studio Solution File, Format Version 12.00
# Visual Studio Version 17
VisualStudioVersion = 17.4.33110.190
MinimumVisualStudioVersion = 10.0.40219.1
Project("{FAE04EC0-301F-11D3-BF4B-00C04F79EFBC}") = "Lab3_6.5", "Lab3_6.5\Lab3_6.5.csproj", "{41890FB8-0301-4A2B-899B-A6F9CAE213D2}"
EndProject
Global
	GlobalSection(SolutionConfigurationPlatforms) = preSolution
		Debug|Any CPU = Debug|Any CPU
		Release|Any CPU = Release|Any CPU
	EndGlobalSection
	GlobalSection(ProjectConfigurationPlatforms) = postSolution
		{41890FB8-0301-4A2B-899B-A6F9CAE213D2}.Debug|Any CPU.ActiveCfg = Debug|Any CPU
		{41890FB8-0301-4A2B-899B-A6F9CAE213D2}.Debug|Any CPU.Build.0 = Debug|Any CPU
		{41890FB8-0301-4A2B-899B-A6F9CAE213D2}.Release|Any CPU.ActiveCfg = Release|Any CPU
		{41890FB8-0301-4A2B-899B-A6F9CAE213D2}.Release|Any CPU.Build.0 = Release|Any CPU
	EndGlobalSection
	GlobalSection(SolutionProperties) = preSolution
		HideSolutionNode = FALSE
	EndGlobalSection
	GlobalSection(ExtensibilityGlobals) = postSolution
		SolutionGuid = {85C1D1E5-CC39-469F-9E58-BDBBF9823A5D}
	EndGlobalSection
EndGlobal
